
Microsoft Visual Studio Solution File, Format Version 12.00
# Visual Studio 15
VisualStudioVersion = 15.0.28010.2026
MinimumVisualStudioVersion = 10.0.40219.1
Project("{FAE04EC0-301F-11D3-BF4B-00C04F79EFBC}") = "OmronFZ_FH_FJ", "OmronFZ_FH_FJ\OmronFZ_FH_FJ.csproj", "{A1393321-4198-4389-988F-D1CD11DCC724}"
EndProject
Global
	GlobalSection(SolutionConfigurationPlatforms) = preSolution
		Debug|Any CPU = Debug|Any CPU
		Release|Any CPU = Release|Any CPU
	EndGlobalSection
	GlobalSection(ProjectConfigurationPlatforms) = postSolution
		{A1393321-4198-4389-988F-D1CD11DCC724}.Debug|Any CPU.ActiveCfg = Debug|Any CPU
		{A1393321-4198-4389-988F-D1CD11DCC724}.Debug|Any CPU.Build.0 = Debug|Any CPU
		{A1393321-4198-4389-988F-D1CD11DCC724}.Release|Any CPU.ActiveCfg = Release|Any CPU
		{A1393321-4198-4389-988F-D1CD11DCC724}.Release|Any CPU.Build.0 = Release|Any CPU
	EndGlobalSection
	GlobalSection(SolutionProperties) = preSolution
		HideSolutionNode = FALSE
	EndGlobalSection
	GlobalSection(ExtensibilityGlobals) = postSolution
		SolutionGuid = {3AFF905D-54E4-4EF7-A318-E06132FF7E6C}
	EndGlobalSection
EndGlobal
